// !$*UTF8*$!
{
	archiveVersion = 1;
	classes = {
	};
	objectVersion = 46;
	objects = {

/* Begin PBXBuildFile section */
		09457F791D3BF79600B7F856 /* AppDelegate.swift in Sources */ = {isa = PBXBuildFile; fileRef = 09457F781D3BF79600B7F856 /* AppDelegate.swift */; };
		09457F7B1D3BF79600B7F856 /* ViewController.swift in Sources */ = {isa = PBXBuildFile; fileRef = 09457F7A1D3BF79600B7F856 /* ViewController.swift */; };
		09457F7E1D3BF79600B7F856 /* Main.storyboard in Resources */ = {isa = PBXBuildFile; fileRef = 09457F7C1D3BF79600B7F856 /* Main.storyboard */; };
		09457F801D3BF79600B7F856 /* Assets.xcassets in Resources */ = {isa = PBXBuildFile; fileRef = 09457F7F1D3BF79600B7F856 /* Assets.xcassets */; };
		09457F831D3BF79600B7F856 /* LaunchScreen.storyboard in Resources */ = {isa = PBXBuildFile; fileRef = 09457F811D3BF79600B7F856 /* LaunchScreen.storyboard */; };
		09457F881D3BF79600B7F856 /* WatchTracker WatchKit App.app in Embed Watch Content */ = {isa = PBXBuildFile; fileRef = 09457F871D3BF79600B7F856 /* WatchTracker WatchKit App.app */; };
		09457F8E1D3BF79600B7F856 /* Interface.storyboard in Resources */ = {isa = PBXBuildFile; fileRef = 09457F8C1D3BF79600B7F856 /* Interface.storyboard */; };
		09457F901D3BF79600B7F856 /* Assets.xcassets in Resources */ = {isa = PBXBuildFile; fileRef = 09457F8F1D3BF79600B7F856 /* Assets.xcassets */; };
		09457F971D3BF79600B7F856 /* WatchTracker WatchKit Extension.appex in Embed App Extensions */ = {isa = PBXBuildFile; fileRef = 09457F961D3BF79600B7F856 /* WatchTracker WatchKit Extension.appex */; settings = {ATTRIBUTES = (RemoveHeadersOnCopy, ); }; };
		09457F9E1D3BF79600B7F856 /* InterfaceController.swift in Sources */ = {isa = PBXBuildFile; fileRef = 09457F9D1D3BF79600B7F856 /* InterfaceController.swift */; };
		09457FA01D3BF79600B7F856 /* ExtensionDelegate.swift in Sources */ = {isa = PBXBuildFile; fileRef = 09457F9F1D3BF79600B7F856 /* ExtensionDelegate.swift */; };
		09457FA21D3BF79600B7F856 /* NotificationController.swift in Sources */ = {isa = PBXBuildFile; fileRef = 09457FA11D3BF79600B7F856 /* NotificationController.swift */; };
		09457FA41D3BF79600B7F856 /* Assets.xcassets in Resources */ = {isa = PBXBuildFile; fileRef = 09457FA31D3BF79600B7F856 /* Assets.xcassets */; };
/* End PBXBuildFile section */

/* Begin PBXContainerItemProxy section */
		09457F891D3BF79600B7F856 /* PBXContainerItemProxy */ = {
			isa = PBXContainerItemProxy;
			containerPortal = 09457F6D1D3BF79600B7F856 /* Project object */;
			proxyType = 1;
			remoteGlobalIDString = 09457F861D3BF79600B7F856;
			remoteInfo = "WatchTracker WatchKit App";
		};
		09457F981D3BF79600B7F856 /* PBXContainerItemProxy */ = {
			isa = PBXContainerItemProxy;
			containerPortal = 09457F6D1D3BF79600B7F856 /* Project object */;
			proxyType = 1;
			remoteGlobalIDString = 09457F951D3BF79600B7F856;
			remoteInfo = "WatchTracker WatchKit Extension";
		};
/* End PBXContainerItemProxy section */

/* Begin PBXCopyFilesBuildPhase section */
		09457FAB1D3BF79600B7F856 /* Embed App Extensions */ = {
			isa = PBXCopyFilesBuildPhase;
			buildActionMask = 2147483647;
			dstPath = "";
			dstSubfolderSpec = 13;
			files = (
				09457F971D3BF79600B7F856 /* WatchTracker WatchKit Extension.appex in Embed App Extensions */,
			);
			name = "Embed App Extensions";
			runOnlyForDeploymentPostprocessing = 0;
		};
		09457FAF1D3BF79600B7F856 /* Embed Watch Content */ = {
			isa = PBXCopyFilesBuildPhase;
			buildActionMask = 2147483647;
			dstPath = "$(CONTENTS_FOLDER_PATH)/Watch";
			dstSubfolderSpec = 16;
			files = (
				09457F881D3BF79600B7F856 /* WatchTracker WatchKit App.app in Embed Watch Content */,
			);
			name = "Embed Watch Content";
			runOnlyForDeploymentPostprocessing = 0;
		};
/* End PBXCopyFilesBuildPhase section */

/* Begin PBXFileReference section */
		09457F751D3BF79600B7F856 /* WatchTracker.app */ = {isa = PBXFileReference; explicitFileType = wrapper.application; includeInIndex = 0; path = WatchTracker.app; sourceTree = BUILT_PRODUCTS_DIR; };
		09457F781D3BF79600B7F856 /* AppDelegate.swift */ = {isa = PBXFileReference; lastKnownFileType = sourcecode.swift; path = AppDelegate.swift; sourceTree = "<group>"; };
		09457F7A1D3BF79600B7F856 /* ViewController.swift */ = {isa = PBXFileReference; lastKnownFileType = sourcecode.swift; path = ViewController.swift; sourceTree = "<group>"; };
		09457F7D1D3BF79600B7F856 /* Base */ = {isa = PBXFileReference; lastKnownFileType = file.storyboard; name = Base; path = Base.lproj/Main.storyboard; sourceTree = "<group>"; };
		09457F7F1D3BF79600B7F856 /* Assets.xcassets */ = {isa = PBXFileReference; lastKnownFileType = folder.assetcatalog; path = Assets.xcassets; sourceTree = "<group>"; };
		09457F821D3BF79600B7F856 /* Base */ = {isa = PBXFileReference; lastKnownFileType = file.storyboard; name = Base; path = Base.lproj/LaunchScreen.storyboard; sourceTree = "<group>"; };
		09457F841D3BF79600B7F856 /* Info.plist */ = {isa = PBXFileReference; lastKnownFileType = text.plist.xml; path = Info.plist; sourceTree = "<group>"; };
		09457F871D3BF79600B7F856 /* WatchTracker WatchKit App.app */ = {isa = PBXFileReference; explicitFileType = wrapper.application; includeInIndex = 0; path = "WatchTracker WatchKit App.app"; sourceTree = BUILT_PRODUCTS_DIR; };
		09457F8D1D3BF79600B7F856 /* Base */ = {isa = PBXFileReference; lastKnownFileType = file.storyboard; name = Base; path = Base.lproj/Interface.storyboard; sourceTree = "<group>"; };
		09457F8F1D3BF79600B7F856 /* Assets.xcassets */ = {isa = PBXFileReference; lastKnownFileType = folder.assetcatalog; path = Assets.xcassets; sourceTree = "<group>"; };
		09457F911D3BF79600B7F856 /* Info.plist */ = {isa = PBXFileReference; lastKnownFileType = text.plist.xml; path = Info.plist; sourceTree = "<group>"; };
		09457F961D3BF79600B7F856 /* WatchTracker WatchKit Extension.appex */ = {isa = PBXFileReference; explicitFileType = "wrapper.app-extension"; includeInIndex = 0; path = "WatchTracker WatchKit Extension.appex"; sourceTree = BUILT_PRODUCTS_DIR; };
		09457F9C1D3BF79600B7F856 /* PushNotificationPayload.apns */ = {isa = PBXFileReference; lastKnownFileType = text; path = PushNotificationPayload.apns; sourceTree = "<group>"; };
		09457F9D1D3BF79600B7F856 /* InterfaceController.swift */ = {isa = PBXFileReference; lastKnownFileType = sourcecode.swift; path = InterfaceController.swift; sourceTree = "<group>"; };
		09457F9F1D3BF79600B7F856 /* ExtensionDelegate.swift */ = {isa = PBXFileReference; lastKnownFileType = sourcecode.swift; path = ExtensionDelegate.swift; sourceTree = "<group>"; };
		09457FA11D3BF79600B7F856 /* NotificationController.swift */ = {isa = PBXFileReference; lastKnownFileType = sourcecode.swift; path = NotificationController.swift; sourceTree = "<group>"; };
		09457FA31D3BF79600B7F856 /* Assets.xcassets */ = {isa = PBXFileReference; lastKnownFileType = folder.assetcatalog; path = Assets.xcassets; sourceTree = "<group>"; };
		09457FA51D3BF79600B7F856 /* Info.plist */ = {isa = PBXFileReference; lastKnownFileType = text.plist.xml; path = Info.plist; sourceTree = "<group>"; };
/* End PBXFileReference section */

/* Begin PBXFrameworksBuildPhase section */
		09457F721D3BF79600B7F856 /* Frameworks */ = {
			isa = PBXFrameworksBuildPhase;
			buildActionMask = 2147483647;
			files = (
			);
			runOnlyForDeploymentPostprocessing = 0;
		};
		09457F931D3BF79600B7F856 /* Frameworks */ = {
			isa = PBXFrameworksBuildPhase;
			buildActionMask = 2147483647;
			files = (
			);
			runOnlyForDeploymentPostprocessing = 0;
		};
/* End PBXFrameworksBuildPhase section */

/* Begin PBXGroup section */
		09457F6C1D3BF79600B7F856 = {
			isa = PBXGroup;
			children = (
				09457F771D3BF79600B7F856 /* WatchTracker */,
				09457F8B1D3BF79600B7F856 /* WatchTracker WatchKit App */,
				09457F9A1D3BF79600B7F856 /* WatchTracker WatchKit Extension */,
				09457F761D3BF79600B7F856 /* Products */,
			);
			sourceTree = "<group>";
		};
		09457F761D3BF79600B7F856 /* Products */ = {
			isa = PBXGroup;
			children = (
				09457F751D3BF79600B7F856 /* WatchTracker.app */,
				09457F871D3BF79600B7F856 /* WatchTracker WatchKit App.app */,
				09457F961D3BF79600B7F856 /* WatchTracker WatchKit Extension.appex */,
			);
			name = Products;
			sourceTree = "<group>";
		};
		09457F771D3BF79600B7F856 /* WatchTracker */ = {
			isa = PBXGroup;
			children = (
				09457F781D3BF79600B7F856 /* AppDelegate.swift */,
				09457F7A1D3BF79600B7F856 /* ViewController.swift */,
				09457F7C1D3BF79600B7F856 /* Main.storyboard */,
				09457F7F1D3BF79600B7F856 /* Assets.xcassets */,
				09457F811D3BF79600B7F856 /* LaunchScreen.storyboard */,
				09457F841D3BF79600B7F856 /* Info.plist */,
			);
			path = WatchTracker;
			sourceTree = "<group>";
		};
		09457F8B1D3BF79600B7F856 /* WatchTracker WatchKit App */ = {
			isa = PBXGroup;
			children = (
				09457F8C1D3BF79600B7F856 /* Interface.storyboard */,
				09457F8F1D3BF79600B7F856 /* Assets.xcassets */,
				09457F911D3BF79600B7F856 /* Info.plist */,
			);
			path = "WatchTracker WatchKit App";
			sourceTree = "<group>";
		};
		09457F9A1D3BF79600B7F856 /* WatchTracker WatchKit Extension */ = {
			isa = PBXGroup;
			children = (
				09457F9D1D3BF79600B7F856 /* InterfaceController.swift */,
				09457F9F1D3BF79600B7F856 /* ExtensionDelegate.swift */,
				09457FA11D3BF79600B7F856 /* NotificationController.swift */,
				09457FA31D3BF79600B7F856 /* Assets.xcassets */,
				09457FA51D3BF79600B7F856 /* Info.plist */,
				09457F9B1D3BF79600B7F856 /* Supporting Files */,
			);
			path = "WatchTracker WatchKit Extension";
			sourceTree = "<group>";
		};
		09457F9B1D3BF79600B7F856 /* Supporting Files */ = {
			isa = PBXGroup;
			children = (
				09457F9C1D3BF79600B7F856 /* PushNotificationPayload.apns */,
			);
			name = "Supporting Files";
			sourceTree = "<group>";
		};
/* End PBXGroup section */

/* Begin PBXNativeTarget section */
		09457F741D3BF79600B7F856 /* WatchTracker */ = {
			isa = PBXNativeTarget;
			buildConfigurationList = 09457FB01D3BF79600B7F856 /* Build configuration list for PBXNativeTarget "WatchTracker" */;
			buildPhases = (
				09457F711D3BF79600B7F856 /* Sources */,
				09457F721D3BF79600B7F856 /* Frameworks */,
				09457F731D3BF79600B7F856 /* Resources */,
				09457FAF1D3BF79600B7F856 /* Embed Watch Content */,
			);
			buildRules = (
			);
			dependencies = (
				09457F8A1D3BF79600B7F856 /* PBXTargetDependency */,
			);
			name = WatchTracker;
			productName = WatchTracker;
			productReference = 09457F751D3BF79600B7F856 /* WatchTracker.app */;
			productType = "com.apple.product-type.application";
		};
		09457F861D3BF79600B7F856 /* WatchTracker WatchKit App */ = {
			isa = PBXNativeTarget;
			buildConfigurationList = 09457FAC1D3BF79600B7F856 /* Build configuration list for PBXNativeTarget "WatchTracker WatchKit App" */;
			buildPhases = (
				09457F851D3BF79600B7F856 /* Resources */,
				09457FAB1D3BF79600B7F856 /* Embed App Extensions */,
			);
			buildRules = (
			);
			dependencies = (
				09457F991D3BF79600B7F856 /* PBXTargetDependency */,
			);
			name = "WatchTracker WatchKit App";
			productName = "WatchTracker WatchKit App";
			productReference = 09457F871D3BF79600B7F856 /* WatchTracker WatchKit App.app */;
			productType = "com.apple.product-type.application.watchapp2";
		};
		09457F951D3BF79600B7F856 /* WatchTracker WatchKit Extension */ = {
			isa = PBXNativeTarget;
			buildConfigurationList = 09457FA81D3BF79600B7F856 /* Build configuration list for PBXNativeTarget "WatchTracker WatchKit Extension" */;
			buildPhases = (
				09457F921D3BF79600B7F856 /* Sources */,
				09457F931D3BF79600B7F856 /* Frameworks */,
				09457F941D3BF79600B7F856 /* Resources */,
			);
			buildRules = (
			);
			dependencies = (
			);
			name = "WatchTracker WatchKit Extension";
			productName = "WatchTracker WatchKit Extension";
			productReference = 09457F961D3BF79600B7F856 /* WatchTracker WatchKit Extension.appex */;
			productType = "com.apple.product-type.watchkit2-extension";
		};
/* End PBXNativeTarget section */

/* Begin PBXProject section */
		09457F6D1D3BF79600B7F856 /* Project object */ = {
			isa = PBXProject;
			attributes = {
				LastSwiftUpdateCheck = 0730;
				LastUpgradeCheck = 0730;
				ORGANIZATIONNAME = "Simon Cook";
				TargetAttributes = {
					09457F741D3BF79600B7F856 = {
						CreatedOnToolsVersion = 7.3.1;
						SystemCapabilities = {
							com.apple.BackgroundModes = {
								enabled = 1;
							};
						};
					};
					09457F861D3BF79600B7F856 = {
						CreatedOnToolsVersion = 7.3.1;
					};
					09457F951D3BF79600B7F856 = {
						CreatedOnToolsVersion = 7.3.1;
						DevelopmentTeam = 73M5BP54FB;
					};
				};
			};
			buildConfigurationList = 09457F701D3BF79600B7F856 /* Build configuration list for PBXProject "WatchTracker" */;
			compatibilityVersion = "Xcode 3.2";
			developmentRegion = English;
			hasScannedForEncodings = 0;
			knownRegions = (
				en,
				Base,
			);
			mainGroup = 09457F6C1D3BF79600B7F856;
			productRefGroup = 09457F761D3BF79600B7F856 /* Products */;
			projectDirPath = "";
			projectRoot = "";
			targets = (
				09457F741D3BF79600B7F856 /* WatchTracker */,
				09457F861D3BF79600B7F856 /* WatchTracker WatchKit App */,
				09457F951D3BF79600B7F856 /* WatchTracker WatchKit Extension */,
			);
		};
/* End PBXProject section */

/* Begin PBXResourcesBuildPhase section */
		09457F731D3BF79600B7F856 /* Resources */ = {
			isa = PBXResourcesBuildPhase;
			buildActionMask = 2147483647;
			files = (
				09457F831D3BF79600B7F856 /* LaunchScreen.storyboard in Resources */,
				09457F801D3BF79600B7F856 /* Assets.xcassets in Resources */,
				09457F7E1D3BF79600B7F856 /* Main.storyboard in Resources */,
			);
			runOnlyForDeploymentPostprocessing = 0;
		};
		09457F851D3BF79600B7F856 /* Resources */ = {
			isa = PBXResourcesBuildPhase;
			buildActionMask = 2147483647;
			files = (
				09457F901D3BF79600B7F856 /* Assets.xcassets in Resources */,
				09457F8E1D3BF79600B7F856 /* Interface.storyboard in Resources */,
			);
			runOnlyForDeploymentPostprocessing = 0;
		};
		09457F941D3BF79600B7F856 /* Resources */ = {
			isa = PBXResourcesBuildPhase;
			buildActionMask = 2147483647;
			files = (
				09457FA41D3BF79600B7F856 /* Assets.xcassets in Resources */,
			);
			runOnlyForDeploymentPostprocessing = 0;
		};
/* End PBXResourcesBuildPhase section */

/* Begin PBXSourcesBuildPhase section */
		09457F711D3BF79600B7F856 /* Sources */ = {
			isa = PBXSourcesBuildPhase;
			buildActionMask = 2147483647;
			files = (
				09457F7B1D3BF79600B7F856 /* ViewController.swift in Sources */,
				09457F791D3BF79600B7F856 /* AppDelegate.swift in Sources */,
			);
			runOnlyForDeploymentPostprocessing = 0;
		};
		09457F921D3BF79600B7F856 /* Sources */ = {
			isa = PBXSourcesBuildPhase;
			buildActionMask = 2147483647;
			files = (
				09457FA21D3BF79600B7F856 /* NotificationController.swift in Sources */,
				09457FA01D3BF79600B7F856 /* ExtensionDelegate.swift in Sources */,
				09457F9E1D3BF79600B7F856 /* InterfaceController.swift in Sources */,
			);
			runOnlyForDeploymentPostprocessing = 0;
		};
/* End PBXSourcesBuildPhase section */

/* Begin PBXTargetDependency section */
		09457F8A1D3BF79600B7F856 /* PBXTargetDependency */ = {
			isa = PBXTargetDependency;
			target = 09457F861D3BF79600B7F856 /* WatchTracker WatchKit App */;
			targetProxy = 09457F891D3BF79600B7F856 /* PBXContainerItemProxy */;
		};
		09457F991D3BF79600B7F856 /* PBXTargetDependency */ = {
			isa = PBXTargetDependency;
			target = 09457F951D3BF79600B7F856 /* WatchTracker WatchKit Extension */;
			targetProxy = 09457F981D3BF79600B7F856 /* PBXContainerItemProxy */;
		};
/* End PBXTargetDependency section */

/* Begin PBXVariantGroup section */
		09457F7C1D3BF79600B7F856 /* Main.storyboard */ = {
			isa = PBXVariantGroup;
			children = (
				09457F7D1D3BF79600B7F856 /* Base */,
			);
			name = Main.storyboard;
			sourceTree = "<group>";
		};
		09457F811D3BF79600B7F856 /* LaunchScreen.storyboard */ = {
			isa = PBXVariantGroup;
			children = (
				09457F821D3BF79600B7F856 /* Base */,
			);
			name = LaunchScreen.storyboard;
			sourceTree = "<group>";
		};
		09457F8C1D3BF79600B7F856 /* Interface.storyboard */ = {
			isa = PBXVariantGroup;
			children = (
				09457F8D1D3BF79600B7F856 /* Base */,
			);
			name = Interface.storyboard;
			sourceTree = "<group>";
		};
/* End PBXVariantGroup section */

/* Begin XCBuildConfiguration section */
		09457FA61D3BF79600B7F856 /* Debug */ = {
			isa = XCBuildConfiguration;
			buildSettings = {
				ALWAYS_SEARCH_USER_PATHS = NO;
				CLANG_ANALYZER_NONNULL = YES;
				CLANG_CXX_LANGUAGE_STANDARD = "gnu++0x";
				CLANG_CXX_LIBRARY = "libc++";
				CLANG_ENABLE_MODULES = YES;
				CLANG_ENABLE_OBJC_ARC = YES;
				CLANG_WARN_BOOL_CONVERSION = YES;
				CLANG_WARN_CONSTANT_CONVERSION = YES;
				CLANG_WARN_DIRECT_OBJC_ISA_USAGE = YES_ERROR;
				CLANG_WARN_EMPTY_BODY = YES;
				CLANG_WARN_ENUM_CONVERSION = YES;
				CLANG_WARN_INT_CONVERSION = YES;
				CLANG_WARN_OBJC_ROOT_CLASS = YES_ERROR;
				CLANG_WARN_UNREACHABLE_CODE = YES;
				CLANG_WARN__DUPLICATE_METHOD_MATCH = YES;
				"CODE_SIGN_IDENTITY[sdk=iphoneos*]" = "iPhone Developer";
				COPY_PHASE_STRIP = NO;
				DEBUG_INFORMATION_FORMAT = dwarf;
				ENABLE_STRICT_OBJC_MSGSEND = YES;
				ENABLE_TESTABILITY = YES;
				GCC_C_LANGUAGE_STANDARD = gnu99;
				GCC_DYNAMIC_NO_PIC = NO;
				GCC_NO_COMMON_BLOCKS = YES;
				GCC_OPTIMIZATION_LEVEL = 0;
				GCC_PREPROCESSOR_DEFINITIONS = (
					"DEBUG=1",
					"$(inherited)",
				);
				GCC_WARN_64_TO_32_BIT_CONVERSION = YES;
				GCC_WARN_ABOUT_RETURN_TYPE = YES_ERROR;
				GCC_WARN_UNDECLARED_SELECTOR = YES;
				GCC_WARN_UNINITIALIZED_AUTOS = YES_AGGRESSIVE;
				GCC_WARN_UNUSED_FUNCTION = YES;
				GCC_WARN_UNUSED_VARIABLE = YES;
				IPHONEOS_DEPLOYMENT_TARGET = 9.3;
				MTL_ENABLE_DEBUG_INFO = YES;
				ONLY_ACTIVE_ARCH = YES;
				SDKROOT = iphoneos;
				SWIFT_OPTIMIZATION_LEVEL = "-Onone";
			};
			name = Debug;
		};
		09457FA71D3BF79600B7F856 /* Release */ = {
			isa = XCBuildConfiguration;
			buildSettings = {
				ALWAYS_SEARCH_USER_PATHS = NO;
				CLANG_ANALYZER_NONNULL = YES;
				CLANG_CXX_LANGUAGE_STANDARD = "gnu++0x";
				CLANG_CXX_LIBRARY = "libc++";
				CLANG_ENABLE_MODULES = YES;
				CLANG_ENABLE_OBJC_ARC = YES;
				CLANG_WARN_BOOL_CONVERSION = YES;
				CLANG_WARN_CONSTANT_CONVERSION = YES;
				CLANG_WARN_DIRECT_OBJC_ISA_USAGE = YES_ERROR;
				CLANG_WARN_EMPTY_BODY = YES;
				CLANG_WARN_ENUM_CONVERSION = YES;
				CLANG_WARN_INT_CONVERSION = YES;
				CLANG_WARN_OBJC_ROOT_CLASS = YES_ERROR;
				CLANG_WARN_UNREACHABLE_CODE = YES;
				CLANG_WARN__DUPLICATE_METHOD_MATCH = YES;
				"CODE_SIGN_IDENTITY[sdk=iphoneos*]" = "iPhone Developer";
				COPY_PHASE_STRIP = NO;
				DEBUG_INFORMATION_FORMAT = "dwarf-with-dsym";
				ENABLE_NS_ASSERTIONS = NO;
				ENABLE_STRICT_OBJC_MSGSEND = YES;
				GCC_C_LANGUAGE_STANDARD = gnu99;
				GCC_NO_COMMON_BLOCKS = YES;
				GCC_WARN_64_TO_32_BIT_CONVERSION = YES;
				GCC_WARN_ABOUT_RETURN_TYPE = YES_ERROR;
				GCC_WARN_UNDECLARED_SELECTOR = YES;
				GCC_WARN_UNINITIALIZED_AUTOS = YES_AGGRESSIVE;
				GCC_WARN_UNUSED_FUNCTION = YES;
				GCC_WARN_UNUSED_VARIABLE = YES;
				IPHONEOS_DEPLOYMENT_TARGET = 9.3;
				MTL_ENABLE_DEBUG_INFO = NO;
				SDKROOT = iphoneos;
				VALIDATE_PRODUCT = YES;
			};
			name = Release;
		};
		09457FA91D3BF79600B7F856 /* Debug */ = {
			isa = XCBuildConfiguration;
			buildSettings = {
				CODE_SIGN_IDENTITY = "iPhone Developer";
				"CODE_SIGN_IDENTITY[sdk=watchos*]" = "iPhone Developer";
				INFOPLIST_FILE = "WatchTracker WatchKit Extension/Info.plist";
				LD_RUNPATH_SEARCH_PATHS = "$(inherited) @executable_path/Frameworks @executable_path/../../Frameworks";
				PRODUCT_BUNDLE_IDENTIFIER = com.simoncook.WatchTracker.watchkitapp.watchkitextension;
				PRODUCT_NAME = "${TARGET_NAME}";
				PROVISIONING_PROFILE = "";
				SDKROOT = watchos;
				SKIP_INSTALL = YES;
				TARGETED_DEVICE_FAMILY = 4;
				WATCHOS_DEPLOYMENT_TARGET = 2.2;
			};
			name = Debug;
		};
		09457FAA1D3BF79600B7F856 /* Release */ = {
			isa = XCBuildConfiguration;
			buildSettings = {
				CODE_SIGN_IDENTITY = "iPhone Developer";
				"CODE_SIGN_IDENTITY[sdk=watchos*]" = "iPhone Developer";
				INFOPLIST_FILE = "WatchTracker WatchKit Extension/Info.plist";
				LD_RUNPATH_SEARCH_PATHS = "$(inherited) @executable_path/Frameworks @executable_path/../../Frameworks";
				PRODUCT_BUNDLE_IDENTIFIER = com.simoncook.WatchTracker.watchkitapp.watchkitextension;
				PRODUCT_NAME = "${TARGET_NAME}";
				PROVISIONING_PROFILE = "";
				SDKROOT = watchos;
				SKIP_INSTALL = YES;
				TARGETED_DEVICE_FAMILY = 4;
				WATCHOS_DEPLOYMENT_TARGET = 2.2;
			};
			name = Release;
		};
		09457FAD1D3BF79600B7F856 /* Debug */ = {
			isa = XCBuildConfiguration;
			buildSettings = {
				ASSETCATALOG_COMPILER_APPICON_NAME = AppIcon;
				EMBEDDED_CONTENT_CONTAINS_SWIFT = YES;
				IBSC_MODULE = WatchTracker_WatchKit_Extension;
				INFOPLIST_FILE = "WatchTracker WatchKit App/Info.plist";
				PRODUCT_BUNDLE_IDENTIFIER = com.simoncook.WatchTracker.watchkitapp;
				PRODUCT_NAME = "$(TARGET_NAME)";
				SDKROOT = watchos;
				SKIP_INSTALL = YES;
				TARGETED_DEVICE_FAMILY = 4;
				WATCHOS_DEPLOYMENT_TARGET = 2.2;
			};
			name = Debug;
		};
		09457FAE1D3BF79600B7F856 /* Release */ = {
			isa = XCBuildConfiguration;
			buildSettings = {
				ASSETCATALOG_COMPILER_APPICON_NAME = AppIcon;
				EMBEDDED_CONTENT_CONTAINS_SWIFT = YES;
				IBSC_MODULE = WatchTracker_WatchKit_Extension;
				INFOPLIST_FILE = "WatchTracker WatchKit App/Info.plist";
				PRODUCT_BUNDLE_IDENTIFIER = com.simoncook.WatchTracker.watchkitapp;
				PRODUCT_NAME = "$(TARGET_NAME)";
				SDKROOT = watchos;
				SKIP_INSTALL = YES;
				TARGETED_DEVICE_FAMILY = 4;
				WATCHOS_DEPLOYMENT_TARGET = 2.2;
			};
			name = Release;
		};
		09457FB11D3BF79600B7F856 /* Debug */ = {
			isa = XCBuildConfiguration;
			buildSettings = {
				ASSETCATALOG_COMPILER_APPICON_NAME = AppIcon;
				INFOPLIST_FILE = WatchTracker/Info.plist;
				LD_RUNPATH_SEARCH_PATHS = "$(inherited) @executable_path/Frameworks";
				PRODUCT_BUNDLE_IDENTIFIER = com.simoncook.WatchTracker;
				PRODUCT_NAME = "$(TARGET_NAME)";
			};
			name = Debug;
		};
		09457FB21D3BF79600B7F856 /* Release */ = {
			isa = XCBuildConfiguration;
			buildSettings = {
				ASSETCATALOG_COMPILER_APPICON_NAME = AppIcon;
				INFOPLIST_FILE = WatchTracker/Info.plist;
				LD_RUNPATH_SEARCH_PATHS = "$(inherited) @executable_path/Frameworks";
				PRODUCT_BUNDLE_IDENTIFIER = com.simoncook.WatchTracker;
				PRODUCT_NAME = "$(TARGET_NAME)";
			};
			name = Release;
		};
/* End XCBuildConfiguration section */

/* Begin XCConfigurationList section */
		09457F701D3BF79600B7F856 /* Build configuration list for PBXProject "WatchTracker" */ = {
			isa = XCConfigurationList;
			buildConfigurations = (
				09457FA61D3BF79600B7F856 /* Debug */,
				09457FA71D3BF79600B7F856 /* Release */,
			);
			defaultConfigurationIsVisible = 0;
			defaultConfigurationName = Release;
		};
		09457FA81D3BF79600B7F856 /* Build configuration list for PBXNativeTarget "WatchTracker WatchKit Extension" */ = {
			isa = XCConfigurationList;
			buildConfigurations = (
				09457FA91D3BF79600B7F856 /* Debug */,
				09457FAA1D3BF79600B7F856 /* Release */,
			);
			defaultConfigurationIsVisible = 0;
		};
		09457FAC1D3BF79600B7F856 /* Build configuration list for PBXNativeTarget "WatchTracker WatchKit App" */ = {
			isa = XCConfigurationList;
			buildConfigurations = (
				09457FAD1D3BF79600B7F856 /* Debug */,
				09457FAE1D3BF79600B7F856 /* Release */,
			);
			defaultConfigurationIsVisible = 0;
		};
		09457FB01D3BF79600B7F856 /* Build configuration list for PBXNativeTarget "WatchTracker" */ = {
			isa = XCConfigurationList;
			buildConfigurations = (
				09457FB11D3BF79600B7F856 /* Debug */,
				09457FB21D3BF79600B7F856 /* Release */,
			);
			defaultConfigurationIsVisible = 0;
		};
/* End XCConfigurationList section */
	};
	rootObject = 09457F6D1D3BF79600B7F856 /* Project object */;
}
